# This file is automatically @generated by Cargo.
# It is not intended for manual editing.
version = 3

[[package]]
name = "cancel-test-savvy"
version = "0.1.0"
dependencies = [
 "savvy",
]

[[package]]
name = "cc"
version = "1.1.31"
source = "registry+https://github.com/rust-lang/crates.io-index"
checksum = "c2e7962b54006dcfcc61cb72735f4d89bb97061dd6a7ed882ec6b8ee53714c6f"
dependencies = [
 "shlex",
]

[[package]]
name = "once_cell"
version = "1.20.2"
source = "registry+https://github.com/rust-lang/crates.io-index"
checksum = "1261fe7e33c73b354eab43b1273a57c8f967d0391e80353e51f764ac02cf6775"

[[package]]
name = "proc-macro2"
version = "1.0.88"
source = "registry+https://github.com/rust-lang/crates.io-index"
checksum = "7c3a7fc5db1e57d5a779a352c8cdb57b29aa4c40cc69c3a68a7fedc815fbf2f9"
dependencies = [
 "unicode-ident",
]

[[package]]
name = "quote"
version = "1.0.37"
source = "registry+https://github.com/rust-lang/crates.io-index"
checksum = "b5b9d34b8991d19d98081b46eacdd8eb58c6f2b201139f7c5f643cc155a633af"
dependencies = [
 "proc-macro2",
]

[[package]]
name = "rustversion"
version = "1.0.18"
source = "registry+https://github.com/rust-lang/crates.io-index"
checksum = "0e819f2bc632f285be6d7cd36e25940d45b2391dd6d9b939e79de557f7014248"

[[package]]
name = "savvy"
version = "0.7.1"
source = "registry+https://github.com/rust-lang/crates.io-index"
checksum = "1033a2c96f08fa4e52a55ecf3f6ed77c323c305b0ab24730cfdb939ba91f1524"
dependencies = [
 "cc",
 "once_cell",
 "rustversion",
 "savvy-ffi",
 "savvy-macro",
]

[[package]]
name = "savvy-bindgen"
version = "0.7.1"
source = "registry+https://github.com/rust-lang/crates.io-index"
checksum = "25e7fdc6071e6c704e570a527a62fe5c6224831a0d8933f920a211d0273866dd"
dependencies = [
 "proc-macro2",
 "quote",
 "syn",
]

[[package]]
name = "savvy-ffi"
version = "0.7.1"
source = "registry+https://github.com/rust-lang/crates.io-index"
checksum = "3c12663c9eadb2dc4d80c6e49be5541950bc542057fa4fb3382bcd363af286cf"

[[package]]
name = "savvy-macro"
version = "0.7.1"
source = "registry+https://github.com/rust-lang/crates.io-index"
checksum = "fa4508e261421f4193b5fcbaeb87793c72ded24d96c13d360ea5147ca3d2588f"
dependencies = [
 "proc-macro2",
 "quote",
 "savvy-bindgen",
 "syn",
]

[[package]]
name = "shlex"
version = "1.3.0"
source = "registry+https://github.com/rust-lang/crates.io-index"
checksum = "0fda2ff0d084019ba4d7c6f371c95d8fd75ce3524c3cb8fb653a3023f6323e64"

[[package]]
name = "syn"
version = "2.0.82"
source = "registry+https://github.com/rust-lang/crates.io-index"
checksum = "83540f837a8afc019423a8edb95b52a8effe46957ee402287f4292fae35be021"
dependencies = [
 "proc-macro2",
 "quote",
 "unicode-ident",
]

[[package]]
name = "unicode-ident"
version = "1.0.13"
source = "registry+https://github.com/rust-lang/crates.io-index"
checksum = "e91b56cd4cadaeb79bbf1a5645f6b4f8dc5bde8834ad5894a8db35fda9efa1fe"
